<?xml version="1.0" encoding="utf-8"?>
<Project ToolsVersion="4.0" xmlns="http://schemas.microsoft.com/developer/msbuild/2003">
  <ItemGroup>
    <ClCompile Include="game.cpp" />
    <ClCompile Include="LTexture.cpp" />
    <ClCompile Include="global.cpp" />
    <ClCompile Include="Perlin.cpp" />
    <ClCompile Include="PerlinNoise.cpp" />
    <ClCompile Include="ppm.cpp" />
    <ClCompile Include="map.cpp" />
    <ClCompile Include="tile.cpp" />
    <ClCompile Include="troop.cpp" />
  </ItemGroup>
  <ItemGroup>
    <ClInclude Include="global.h" />
    <ClInclude Include="Perlin.h" />
    <ClInclude Include="LTexture.h" />
    <ClInclude Include="PerlinNoise.h" />
    <ClInclude Include="ppm.h" />
    <ClInclude Include="map.h" />
    <ClInclude Include="troop.h" />
    <ClInclude Include="tile.h" />
  </ItemGroup>
</Project>