<?xml version="1.0" encoding="utf-8"?>
<Project ToolsVersion="4.0" xmlns="http://schemas.microsoft.com/developer/msbuild/2003">
  <ItemGroup>
    <ClCompile Include="button.cpp">
      <Filter>CPP Files</Filter>
    </ClCompile>
    <ClCompile Include="game.cpp">
      <Filter>CPP Files</Filter>
    </ClCompile>
    <ClCompile Include="global.cpp">
      <Filter>CPP Files</Filter>
    </ClCompile>
    <ClCompile Include="gui.cpp">
      <Filter>CPP Files</Filter>
    </ClCompile>
    <ClCompile Include="LTexture.cpp">
      <Filter>CPP Files</Filter>
    </ClCompile>
    <ClCompile Include="map.cpp">
      <Filter>CPP Files</Filter>
    </ClCompile>
    <ClCompile Include="Perlin.cpp">
      <Filter>CPP Files</Filter>
    </ClCompile>
    <ClCompile Include="PerlinNoise.cpp">
      <Filter>CPP Files</Filter>
    </ClCompile>
    <ClCompile Include="ppm.cpp">
      <Filter>CPP Files</Filter>
    </ClCompile>
    <ClCompile Include="structure.cpp">
      <Filter>CPP Files</Filter>
    </ClCompile>
    <ClCompile Include="tile.cpp">
      <Filter>CPP Files</Filter>
    </ClCompile>
    <ClCompile Include="troop.cpp">
      <Filter>CPP Files</Filter>
    </ClCompile>
    <ClCompile Include="cordinate.cpp">
      <Filter>CPP Files</Filter>
    </ClCompile>
  </ItemGroup>
  <ItemGroup>
    <ClInclude Include="button.h">
      <Filter>Header Files</Filter>
    </ClInclude>
    <ClInclude Include="global.h">
      <Filter>Header Files</Filter>
    </ClInclude>
    <ClInclude Include="gui.h">
      <Filter>Header Files</Filter>
    </ClInclude>
    <ClInclude Include="LTexture.h">
      <Filter>Header Files</Filter>
    </ClInclude>
    <ClInclude Include="map.h">
      <Filter>Header Files</Filter>
    </ClInclude>
    <ClInclude Include="Perlin.h">
      <Filter>Header Files</Filter>
    </ClInclude>
    <ClInclude Include="PerlinNoise.h">
      <Filter>Header Files</Filter>
    </ClInclude>
    <ClInclude Include="ppm.h">
      <Filter>Header Files</Filter>
    </ClInclude>
    <ClInclude Include="structure.h">
      <Filter>Header Files</Filter>
    </ClInclude>
    <ClInclude Include="tile.h">
      <Filter>Header Files</Filter>
    </ClInclude>
    <ClInclude Include="troop.h">
      <Filter>Header Files</Filter>
    </ClInclude>
    <ClInclude Include="cordinate.h">
      <Filter>Header Files</Filter>
    </ClInclude>
  </ItemGroup>
  <ItemGroup>
    <Filter Include="Header Files">
      <UniqueIdentifier>{27238250-f638-4963-a1d8-ac7ad0185609}</UniqueIdentifier>
    </Filter>
    <Filter Include="CPP Files">
      <UniqueIdentifier>{c296df0e-9032-484d-9bcf-cf17b56315d2}</UniqueIdentifier>
    </Filter>
  </ItemGroup>
</Project>